
Microsoft Visual Studio Solution File, Format Version 12.00
# Visual Studio Version 17
VisualStudioVersion = 17.7.34202.233
MinimumVisualStudioVersion = 10.0.40219.1
Project("{FAE04EC0-301F-11D3-BF4B-00C04F79EFBC}") = "homework2", "homework2\homework2.csproj", "{104780BB-7A01-4118-9F71-71DCFE0901FB}"
EndProject
Global
	GlobalSection(SolutionConfigurationPlatforms) = preSolution
		Debug|Any CPU = Debug|Any CPU
		Release|Any CPU = Release|Any CPU
	EndGlobalSection
	GlobalSection(ProjectConfigurationPlatforms) = postSolution
		{104780BB-7A01-4118-9F71-71DCFE0901FB}.Debug|Any CPU.ActiveCfg = Debug|Any CPU
		{104780BB-7A01-4118-9F71-71DCFE0901FB}.Debug|Any CPU.Build.0 = Debug|Any CPU
		{104780BB-7A01-4118-9F71-71DCFE0901FB}.Release|Any CPU.ActiveCfg = Release|Any CPU
		{104780BB-7A01-4118-9F71-71DCFE0901FB}.Release|Any CPU.Build.0 = Release|Any CPU
	EndGlobalSection
	GlobalSection(SolutionProperties) = preSolution
		HideSolutionNode = FALSE
	EndGlobalSection
	GlobalSection(ExtensibilityGlobals) = postSolution
		SolutionGuid = {10AD48F4-1D7F-43B5-8D4E-BF4C81767852}
	EndGlobalSection
EndGlobal
