
Microsoft Visual Studio Solution File, Format Version 12.00
# Visual Studio Version 17
VisualStudioVersion = 17.7.34202.233
MinimumVisualStudioVersion = 10.0.40219.1
Project("{FAE04EC0-301F-11D3-BF4B-00C04F79EFBC}") = "ybs-odev-1", "ybs-odev-1\ybs-odev-1.csproj", "{48A1D505-BE00-4063-9D01-55A0C334306B}"
EndProject
Global
	GlobalSection(SolutionConfigurationPlatforms) = preSolution
		Debug|Any CPU = Debug|Any CPU
		Release|Any CPU = Release|Any CPU
	EndGlobalSection
	GlobalSection(ProjectConfigurationPlatforms) = postSolution
		{48A1D505-BE00-4063-9D01-55A0C334306B}.Debug|Any CPU.ActiveCfg = Debug|Any CPU
		{48A1D505-BE00-4063-9D01-55A0C334306B}.Debug|Any CPU.Build.0 = Debug|Any CPU
		{48A1D505-BE00-4063-9D01-55A0C334306B}.Release|Any CPU.ActiveCfg = Release|Any CPU
		{48A1D505-BE00-4063-9D01-55A0C334306B}.Release|Any CPU.Build.0 = Release|Any CPU
	EndGlobalSection
	GlobalSection(SolutionProperties) = preSolution
		HideSolutionNode = FALSE
	EndGlobalSection
	GlobalSection(ExtensibilityGlobals) = postSolution
		SolutionGuid = {F494A938-D681-4CC6-84E1-665DA6F28FA3}
	EndGlobalSection
EndGlobal
